// !$*UTF8*$!
{
	archiveVersion = 1;
	classes = {
	};
	objectVersion = 48;
	objects = {

/* Begin PBXBuildFile section */
		3D5CEB601F73F8E100C227CF /* AppDelegate.m in Sources */ = {isa = PBXBuildFile; fileRef = 3D5CEB5F1F73F8E100C227CF /* AppDelegate.m */; };
		3D5CEB621F73F8E100C227CF /* art.scnassets in Resources */ = {isa = PBXBuildFile; fileRef = 3D5CEB611F73F8E100C227CF /* art.scnassets */; };
		3D5CEB651F73F8E100C227CF /* ViewController.m in Sources */ = {isa = PBXBuildFile; fileRef = 3D5CEB641F73F8E100C227CF /* ViewController.m */; };
		3D5CEB681F73F8E100C227CF /* Main.storyboard in Resources */ = {isa = PBXBuildFile; fileRef = 3D5CEB661F73F8E100C227CF /* Main.storyboard */; };
		3D5CEB6A1F73F8E100C227CF /* Assets.xcassets in Resources */ = {isa = PBXBuildFile; fileRef = 3D5CEB691F73F8E100C227CF /* Assets.xcassets */; };
		3D5CEB6D1F73F8E100C227CF /* LaunchScreen.storyboard in Resources */ = {isa = PBXBuildFile; fileRef = 3D5CEB6B1F73F8E100C227CF /* LaunchScreen.storyboard */; };
		3D5CEB701F73F8E100C227CF /* main.m in Sources */ = {isa = PBXBuildFile; fileRef = 3D5CEB6F1F73F8E100C227CF /* main.m */; };
		3D5CEB7A1F73F8E100C227CF /* ARTryTests.m in Sources */ = {isa = PBXBuildFile; fileRef = 3D5CEB791F73F8E100C227CF /* ARTryTests.m */; };
		3D5CEB851F73F8E100C227CF /* ARTryUITests.m in Sources */ = {isa = PBXBuildFile; fileRef = 3D5CEB841F73F8E100C227CF /* ARTryUITests.m */; };
/* End PBXBuildFile section */

/* Begin PBXContainerItemProxy section */
		3D5CEB761F73F8E100C227CF /* PBXContainerItemProxy */ = {
			isa = PBXContainerItemProxy;
			containerPortal = 3D5CEB531F73F8E100C227CF /* Project object */;
			proxyType = 1;
			remoteGlobalIDString = 3D5CEB5A1F73F8E100C227CF;
			remoteInfo = ARTry;
		};
		3D5CEB811F73F8E100C227CF /* PBXContainerItemProxy */ = {
			isa = PBXContainerItemProxy;
			containerPortal = 3D5CEB531F73F8E100C227CF /* Project object */;
			proxyType = 1;
			remoteGlobalIDString = 3D5CEB5A1F73F8E100C227CF;
			remoteInfo = ARTry;
		};
/* End PBXContainerItemProxy section */

/* Begin PBXFileReference section */
		3D5CEB5B1F73F8E100C227CF /* ARTry.app */ = {isa = PBXFileReference; explicitFileType = wrapper.application; includeInIndex = 0; path = ARTry.app; sourceTree = BUILT_PRODUCTS_DIR; };
		3D5CEB5E1F73F8E100C227CF /* AppDelegate.h */ = {isa = PBXFileReference; lastKnownFileType = sourcecode.c.h; path = AppDelegate.h; sourceTree = "<group>"; };
		3D5CEB5F1F73F8E100C227CF /* AppDelegate.m */ = {isa = PBXFileReference; lastKnownFileType = sourcecode.c.objc; path = AppDelegate.m; sourceTree = "<group>"; };
		3D5CEB611F73F8E100C227CF /* art.scnassets */ = {isa = PBXFileReference; lastKnownFileType = wrapper.scnassets; path = art.scnassets; sourceTree = "<group>"; };
		3D5CEB631F73F8E100C227CF /* ViewController.h */ = {isa = PBXFileReference; lastKnownFileType = sourcecode.c.h; path = ViewController.h; sourceTree = "<group>"; };
		3D5CEB641F73F8E100C227CF /* ViewController.m */ = {isa = PBXFileReference; lastKnownFileType = sourcecode.c.objc; path = ViewController.m; sourceTree = "<group>"; };
		3D5CEB671F73F8E100C227CF /* Base */ = {isa = PBXFileReference; lastKnownFileType = file.storyboard; name = Base; path = Base.lproj/Main.storyboard; sourceTree = "<group>"; };
		3D5CEB691F73F8E100C227CF /* Assets.xcassets */ = {isa = PBXFileReference; lastKnownFileType = folder.assetcatalog; path = Assets.xcassets; sourceTree = "<group>"; };
		3D5CEB6C1F73F8E100C227CF /* Base */ = {isa = PBXFileReference; lastKnownFileType = file.storyboard; name = Base; path = Base.lproj/LaunchScreen.storyboard; sourceTree = "<group>"; };
		3D5CEB6E1F73F8E100C227CF /* Info.plist */ = {isa = PBXFileReference; lastKnownFileType = text.plist.xml; path = Info.plist; sourceTree = "<group>"; };
		3D5CEB6F1F73F8E100C227CF /* main.m */ = {isa = PBXFileReference; lastKnownFileType = sourcecode.c.objc; path = main.m; sourceTree = "<group>"; };
		3D5CEB751F73F8E100C227CF /* ARTryTests.xctest */ = {isa = PBXFileReference; explicitFileType = wrapper.cfbundle; includeInIndex = 0; path = ARTryTests.xctest; sourceTree = BUILT_PRODUCTS_DIR; };
		3D5CEB791F73F8E100C227CF /* ARTryTests.m */ = {isa = PBXFileReference; lastKnownFileType = sourcecode.c.objc; path = ARTryTests.m; sourceTree = "<group>"; };
		3D5CEB7B1F73F8E100C227CF /* Info.plist */ = {isa = PBXFileReference; lastKnownFileType = text.plist.xml; path = Info.plist; sourceTree = "<group>"; };
		3D5CEB801F73F8E100C227CF /* ARTryUITests.xctest */ = {isa = PBXFileReference; explicitFileType = wrapper.cfbundle; includeInIndex = 0; path = ARTryUITests.xctest; sourceTree = BUILT_PRODUCTS_DIR; };
		3D5CEB841F73F8E100C227CF /* ARTryUITests.m */ = {isa = PBXFileReference; lastKnownFileType = sourcecode.c.objc; path = ARTryUITests.m; sourceTree = "<group>"; };
		3D5CEB861F73F8E100C227CF /* Info.plist */ = {isa = PBXFileReference; lastKnownFileType = text.plist.xml; path = Info.plist; sourceTree = "<group>"; };
/* End PBXFileReference section */

/* Begin PBXFrameworksBuildPhase section */
		3D5CEB581F73F8E100C227CF /* Frameworks */ = {
			isa = PBXFrameworksBuildPhase;
			buildActionMask = 2147483647;
			files = (
			);
			runOnlyForDeploymentPostprocessing = 0;
		};
		3D5CEB721F73F8E100C227CF /* Frameworks */ = {
			isa = PBXFrameworksBuildPhase;
			buildActionMask = 2147483647;
			files = (
			);
			runOnlyForDeploymentPostprocessing = 0;
		};
		3D5CEB7D1F73F8E100C227CF /* Frameworks */ = {
			isa = PBXFrameworksBuildPhase;
			buildActionMask = 2147483647;
			files = (
			);
			runOnlyForDeploymentPostprocessing = 0;
		};
/* End PBXFrameworksBuildPhase section */

/* Begin PBXGroup section */
		3D5CEB521F73F8E100C227CF = {
			isa = PBXGroup;
			children = (
				3D5CEB5D1F73F8E100C227CF /* ARTry */,
				3D5CEB781F73F8E100C227CF /* ARTryTests */,
				3D5CEB831F73F8E100C227CF /* ARTryUITests */,
				3D5CEB5C1F73F8E100C227CF /* Products */,
			);
			sourceTree = "<group>";
		};
		3D5CEB5C1F73F8E100C227CF /* Products */ = {
			isa = PBXGroup;
			children = (
				3D5CEB5B1F73F8E100C227CF /* ARTry.app */,
				3D5CEB751F73F8E100C227CF /* ARTryTests.xctest */,
				3D5CEB801F73F8E100C227CF /* ARTryUITests.xctest */,
			);
			name = Products;
			sourceTree = "<group>";
		};
		3D5CEB5D1F73F8E100C227CF /* ARTry */ = {
			isa = PBXGroup;
			children = (
				3D5CEB5E1F73F8E100C227CF /* AppDelegate.h */,
				3D5CEB5F1F73F8E100C227CF /* AppDelegate.m */,
				3D5CEB611F73F8E100C227CF /* art.scnassets */,
				3D5CEB631F73F8E100C227CF /* ViewController.h */,
				3D5CEB641F73F8E100C227CF /* ViewController.m */,
				3D5CEB661F73F8E100C227CF /* Main.storyboard */,
				3D5CEB691F73F8E100C227CF /* Assets.xcassets */,
				3D5CEB6B1F73F8E100C227CF /* LaunchScreen.storyboard */,
				3D5CEB6E1F73F8E100C227CF /* Info.plist */,
				3D5CEB6F1F73F8E100C227CF /* main.m */,
			);
			path = ARTry;
			sourceTree = "<group>";
		};
		3D5CEB781F73F8E100C227CF /* ARTryTests */ = {
			isa = PBXGroup;
			children = (
				3D5CEB791F73F8E100C227CF /* ARTryTests.m */,
				3D5CEB7B1F73F8E100C227CF /* Info.plist */,
			);
			path = ARTryTests;
			sourceTree = "<group>";
		};
		3D5CEB831F73F8E100C227CF /* ARTryUITests */ = {
			isa = PBXGroup;
			children = (
				3D5CEB841F73F8E100C227CF /* ARTryUITests.m */,
				3D5CEB861F73F8E100C227CF /* Info.plist */,
			);
			path = ARTryUITests;
			sourceTree = "<group>";
		};
/* End PBXGroup section */

/* Begin PBXNativeTarget section */
		3D5CEB5A1F73F8E100C227CF /* ARTry */ = {
			isa = PBXNativeTarget;
			buildConfigurationList = 3D5CEB891F73F8E100C227CF /* Build configuration list for PBXNativeTarget "ARTry" */;
			buildPhases = (
				3D5CEB571F73F8E100C227CF /* Sources */,
				3D5CEB581F73F8E100C227CF /* Frameworks */,
				3D5CEB591F73F8E100C227CF /* Resources */,
			);
			buildRules = (
			);
			dependencies = (
			);
			name = ARTry;
			productName = ARTry;
			productReference = 3D5CEB5B1F73F8E100C227CF /* ARTry.app */;
			productType = "com.apple.product-type.application";
		};
		3D5CEB741F73F8E100C227CF /* ARTryTests */ = {
			isa = PBXNativeTarget;
			buildConfigurationList = 3D5CEB8C1F73F8E100C227CF /* Build configuration list for PBXNativeTarget "ARTryTests" */;
			buildPhases = (
				3D5CEB711F73F8E100C227CF /* Sources */,
				3D5CEB721F73F8E100C227CF /* Frameworks */,
				3D5CEB731F73F8E100C227CF /* Resources */,
			);
			buildRules = (
			);
			dependencies = (
				3D5CEB771F73F8E100C227CF /* PBXTargetDependency */,
			);
			name = ARTryTests;
			productName = ARTryTests;
			productReference = 3D5CEB751F73F8E100C227CF /* ARTryTests.xctest */;
			productType = "com.apple.product-type.bundle.unit-test";
		};
		3D5CEB7F1F73F8E100C227CF /* ARTryUITests */ = {
			isa = PBXNativeTarget;
			buildConfigurationList = 3D5CEB8F1F73F8E100C227CF /* Build configuration list for PBXNativeTarget "ARTryUITests" */;
			buildPhases = (
				3D5CEB7C1F73F8E100C227CF /* Sources */,
				3D5CEB7D1F73F8E100C227CF /* Frameworks */,
				3D5CEB7E1F73F8E100C227CF /* Resources */,
			);
			buildRules = (
			);
			dependencies = (
				3D5CEB821F73F8E100C227CF /* PBXTargetDependency */,
			);
			name = ARTryUITests;
			productName = ARTryUITests;
			productReference = 3D5CEB801F73F8E100C227CF /* ARTryUITests.xctest */;
			productType = "com.apple.product-type.bundle.ui-testing";
		};
/* End PBXNativeTarget section */

/* Begin PBXProject section */
		3D5CEB531F73F8E100C227CF /* Project object */ = {
			isa = PBXProject;
			attributes = {
				LastUpgradeCheck = 0900;
				ORGANIZATIONNAME = "宣鹏飞";
				TargetAttributes = {
					3D5CEB5A1F73F8E100C227CF = {
						CreatedOnToolsVersion = 9.0;
						ProvisioningStyle = Automatic;
					};
					3D5CEB741F73F8E100C227CF = {
						CreatedOnToolsVersion = 9.0;
						ProvisioningStyle = Automatic;
						TestTargetID = 3D5CEB5A1F73F8E100C227CF;
					};
					3D5CEB7F1F73F8E100C227CF = {
						CreatedOnToolsVersion = 9.0;
						ProvisioningStyle = Automatic;
						TestTargetID = 3D5CEB5A1F73F8E100C227CF;
					};
				};
			};
			buildConfigurationList = 3D5CEB561F73F8E100C227CF /* Build configuration list for PBXProject "ARTry" */;
			compatibilityVersion = "Xcode 8.0";
			developmentRegion = en;
			hasScannedForEncodings = 0;
			knownRegions = (
				en,
				Base,
			);
			mainGroup = 3D5CEB521F73F8E100C227CF;
			productRefGroup = 3D5CEB5C1F73F8E100C227CF /* Products */;
			projectDirPath = "";
			projectRoot = "";
			targets = (
				3D5CEB5A1F73F8E100C227CF /* ARTry */,
				3D5CEB741F73F8E100C227CF /* ARTryTests */,
				3D5CEB7F1F73F8E100C227CF /* ARTryUITests */,
			);
		};
/* End PBXProject section */

/* Begin PBXResourcesBuildPhase section */
		3D5CEB591F73F8E100C227CF /* Resources */ = {
			isa = PBXResourcesBuildPhase;
			buildActionMask = 2147483647;
			files = (
				3D5CEB621F73F8E100C227CF /* art.scnassets in Resources */,
				3D5CEB6D1F73F8E100C227CF /* LaunchScreen.storyboard in Resources */,
				3D5CEB6A1F73F8E100C227CF /* Assets.xcassets in Resources */,
				3D5CEB681F73F8E100C227CF /* Main.storyboard in Resources */,
			);
			runOnlyForDeploymentPostprocessing = 0;
		};
		3D5CEB731F73F8E100C227CF /* Resources */ = {
			isa = PBXResourcesBuildPhase;
			buildActionMask = 2147483647;
			files = (
			);
			runOnlyForDeploymentPostprocessing = 0;
		};
		3D5CEB7E1F73F8E100C227CF /* Resources */ = {
			isa = PBXResourcesBuildPhase;
			buildActionMask = 2147483647;
			files = (
			);
			runOnlyForDeploymentPostprocessing = 0;
		};
/* End PBXResourcesBuildPhase section */

/* Begin PBXSourcesBuildPhase section */
		3D5CEB571F73F8E100C227CF /* Sources */ = {
			isa = PBXSourcesBuildPhase;
			buildActionMask = 2147483647;
			files = (
				3D5CEB651F73F8E100C227CF /* ViewController.m in Sources */,
				3D5CEB701F73F8E100C227CF /* main.m in Sources */,
				3D5CEB601F73F8E100C227CF /* AppDelegate.m in Sources */,
			);
			runOnlyForDeploymentPostprocessing = 0;
		};
		3D5CEB711F73F8E100C227CF /* Sources */ = {
			isa = PBXSourcesBuildPhase;
			buildActionMask = 2147483647;
			files = (
				3D5CEB7A1F73F8E100C227CF /* ARTryTests.m in Sources */,
			);
			runOnlyForDeploymentPostprocessing = 0;
		};
		3D5CEB7C1F73F8E100C227CF /* Sources */ = {
			isa = PBXSourcesBuildPhase;
			buildActionMask = 2147483647;
			files = (
				3D5CEB851F73F8E100C227CF /* ARTryUITests.m in Sources */,
			);
			runOnlyForDeploymentPostprocessing = 0;
		};
/* End PBXSourcesBuildPhase section */

/* Begin PBXTargetDependency section */
		3D5CEB771F73F8E100C227CF /* PBXTargetDependency */ = {
			isa = PBXTargetDependency;
			target = 3D5CEB5A1F73F8E100C227CF /* ARTry */;
			targetProxy = 3D5CEB761F73F8E100C227CF /* PBXContainerItemProxy */;
		};
		3D5CEB821F73F8E100C227CF /* PBXTargetDependency */ = {
			isa = PBXTargetDependency;
			target = 3D5CEB5A1F73F8E100C227CF /* ARTry */;
			targetProxy = 3D5CEB811F73F8E100C227CF /* PBXContainerItemProxy */;
		};
/* End PBXTargetDependency section */

/* Begin PBXVariantGroup section */
		3D5CEB661F73F8E100C227CF /* Main.storyboard */ = {
			isa = PBXVariantGroup;
			children = (
				3D5CEB671F73F8E100C227CF /* Base */,
			);
			name = Main.storyboard;
			sourceTree = "<group>";
		};
		3D5CEB6B1F73F8E100C227CF /* LaunchScreen.storyboard */ = {
			isa = PBXVariantGroup;
			children = (
				3D5CEB6C1F73F8E100C227CF /* Base */,
			);
			name = LaunchScreen.storyboard;
			sourceTree = "<group>";
		};
/* End PBXVariantGroup section */

/* Begin XCBuildConfiguration section */
		3D5CEB871F73F8E100C227CF /* Debug */ = {
			isa = XCBuildConfiguration;
			buildSettings = {
				ALWAYS_SEARCH_USER_PATHS = NO;
				CLANG_ANALYZER_NONNULL = YES;
				CLANG_ANALYZER_NUMBER_OBJECT_CONVERSION = YES_AGGRESSIVE;
				CLANG_CXX_LANGUAGE_STANDARD = "gnu++14";
				CLANG_CXX_LIBRARY = "libc++";
				CLANG_ENABLE_MODULES = YES;
				CLANG_ENABLE_OBJC_ARC = YES;
				CLANG_WARN_BLOCK_CAPTURE_AUTORELEASING = YES;
				CLANG_WARN_BOOL_CONVERSION = YES;
				CLANG_WARN_COMMA = YES;
				CLANG_WARN_CONSTANT_CONVERSION = YES;
				CLANG_WARN_DIRECT_OBJC_ISA_USAGE = YES_ERROR;
				CLANG_WARN_DOCUMENTATION_COMMENTS = YES;
				CLANG_WARN_EMPTY_BODY = YES;
				CLANG_WARN_ENUM_CONVERSION = YES;
				CLANG_WARN_INFINITE_RECURSION = YES;
				CLANG_WARN_INT_CONVERSION = YES;
				CLANG_WARN_NON_LITERAL_NULL_CONVERSION = YES;
				CLANG_WARN_OBJC_LITERAL_CONVERSION = YES;
				CLANG_WARN_OBJC_ROOT_CLASS = YES_ERROR;
				CLANG_WARN_RANGE_LOOP_ANALYSIS = YES;
				CLANG_WARN_STRICT_PROTOTYPES = YES;
				CLANG_WARN_SUSPICIOUS_MOVE = YES;
				CLANG_WARN_UNGUARDED_AVAILABILITY = YES_AGGRESSIVE;
				CLANG_WARN_UNREACHABLE_CODE = YES;
				CLANG_WARN__DUPLICATE_METHOD_MATCH = YES;
				CODE_SIGN_IDENTITY = "iPhone Developer";
				COPY_PHASE_STRIP = NO;
				DEBUG_INFORMATION_FORMAT = dwarf;
				ENABLE_STRICT_OBJC_MSGSEND = YES;
				ENABLE_TESTABILITY = YES;
				GCC_C_LANGUAGE_STANDARD = gnu11;
				GCC_DYNAMIC_NO_PIC = NO;
				GCC_NO_COMMON_BLOCKS = YES;
				GCC_OPTIMIZATION_LEVEL = 0;
				GCC_PREPROCESSOR_DEFINITIONS = (
					"DEBUG=1",
					"$(inherited)",
				);
				GCC_WARN_64_TO_32_BIT_CONVERSION = YES;
				GCC_WARN_ABOUT_RETURN_TYPE = YES_ERROR;
				GCC_WARN_UNDECLARED_SELECTOR = YES;
				GCC_WARN_UNINITIALIZED_AUTOS = YES_AGGRESSIVE;
				GCC_WARN_UNUSED_FUNCTION = YES;
				GCC_WARN_UNUSED_VARIABLE = YES;
				IPHONEOS_DEPLOYMENT_TARGET = 11.0;
				MTL_ENABLE_DEBUG_INFO = YES;
				ONLY_ACTIVE_ARCH = YES;
				SDKROOT = iphoneos;
			};
			name = Debug;
		};
		3D5CEB881F73F8E100C227CF /* Release */ = {
			isa = XCBuildConfiguration;
			buildSettings = {
				ALWAYS_SEARCH_USER_PATHS = NO;
				CLANG_ANALYZER_NONNULL = YES;
				CLANG_ANALYZER_NUMBER_OBJECT_CONVERSION = YES_AGGRESSIVE;
				CLANG_CXX_LANGUAGE_STANDARD = "gnu++14";
				CLANG_CXX_LIBRARY = "libc++";
				CLANG_ENABLE_MODULES = YES;
				CLANG_ENABLE_OBJC_ARC = YES;
				CLANG_WARN_BLOCK_CAPTURE_AUTORELEASING = YES;
				CLANG_WARN_BOOL_CONVERSION = YES;
				CLANG_WARN_COMMA = YES;
				CLANG_WARN_CONSTANT_CONVERSION = YES;
				CLANG_WARN_DIRECT_OBJC_ISA_USAGE = YES_ERROR;
				CLANG_WARN_DOCUMENTATION_COMMENTS = YES;
				CLANG_WARN_EMPTY_BODY = YES;
				CLANG_WARN_ENUM_CONVERSION = YES;
				CLANG_WARN_INFINITE_RECURSION = YES;
				CLANG_WARN_INT_CONVERSION = YES;
				CLANG_WARN_NON_LITERAL_NULL_CONVERSION = YES;
				CLANG_WARN_OBJC_LITERAL_CONVERSION = YES;
				CLANG_WARN_OBJC_ROOT_CLASS = YES_ERROR;
				CLANG_WARN_RANGE_LOOP_ANALYSIS = YES;
				CLANG_WARN_STRICT_PROTOTYPES = YES;
				CLANG_WARN_SUSPICIOUS_MOVE = YES;
				CLANG_WARN_UNGUARDED_AVAILABILITY = YES_AGGRESSIVE;
				CLANG_WARN_UNREACHABLE_CODE = YES;
				CLANG_WARN__DUPLICATE_METHOD_MATCH = YES;
				CODE_SIGN_IDENTITY = "iPhone Developer";
				COPY_PHASE_STRIP = NO;
				DEBUG_INFORMATION_FORMAT = "dwarf-with-dsym";
				ENABLE_NS_ASSERTIONS = NO;
				ENABLE_STRICT_OBJC_MSGSEND = YES;
				GCC_C_LANGUAGE_STANDARD = gnu11;
				GCC_NO_COMMON_BLOCKS = YES;
				GCC_WARN_64_TO_32_BIT_CONVERSION = YES;
				GCC_WARN_ABOUT_RETURN_TYPE = YES_ERROR;
				GCC_WARN_UNDECLARED_SELECTOR = YES;
				GCC_WARN_UNINITIALIZED_AUTOS = YES_AGGRESSIVE;
				GCC_WARN_UNUSED_FUNCTION = YES;
				GCC_WARN_UNUSED_VARIABLE = YES;
				IPHONEOS_DEPLOYMENT_TARGET = 11.0;
				MTL_ENABLE_DEBUG_INFO = NO;
				SDKROOT = iphoneos;
				VALIDATE_PRODUCT = YES;
			};
			name = Release;
		};
		3D5CEB8A1F73F8E100C227CF /* Debug */ = {
			isa = XCBuildConfiguration;
			buildSettings = {
				ASSETCATALOG_COMPILER_APPICON_NAME = AppIcon;
				CODE_SIGN_STYLE = Automatic;
				DEVELOPMENT_TEAM = M62963EL46;
				INFOPLIST_FILE = ARTry/Info.plist;
				LD_RUNPATH_SEARCH_PATHS = "$(inherited) @executable_path/Frameworks";
				PRODUCT_BUNDLE_IDENTIFIER = xuanpf.ARTry;
				PRODUCT_NAME = "$(TARGET_NAME)";
				TARGETED_DEVICE_FAMILY = "1,2";
			};
			name = Debug;
		};
		3D5CEB8B1F73F8E100C227CF /* Release */ = {
			isa = XCBuildConfiguration;
			buildSettings = {
				ASSETCATALOG_COMPILER_APPICON_NAME = AppIcon;
				CODE_SIGN_STYLE = Automatic;
				DEVELOPMENT_TEAM = M62963EL46;
				INFOPLIST_FILE = ARTry/Info.plist;
				LD_RUNPATH_SEARCH_PATHS = "$(inherited) @executable_path/Frameworks";
				PRODUCT_BUNDLE_IDENTIFIER = xuanpf.ARTry;
				PRODUCT_NAME = "$(TARGET_NAME)";
				TARGETED_DEVICE_FAMILY = "1,2";
			};
			name = Release;
		};
		3D5CEB8D1F73F8E100C227CF /* Debug */ = {
			isa = XCBuildConfiguration;
			buildSettings = {
				BUNDLE_LOADER = "$(TEST_HOST)";
				CODE_SIGN_STYLE = Automatic;
				DEVELOPMENT_TEAM = M62963EL46;
				INFOPLIST_FILE = ARTryTests/Info.plist;
				LD_RUNPATH_SEARCH_PATHS = "$(inherited) @executable_path/Frameworks @loader_path/Frameworks";
				PRODUCT_BUNDLE_IDENTIFIER = xuanpf.ARTryTests;
				PRODUCT_NAME = "$(TARGET_NAME)";
				TARGETED_DEVICE_FAMILY = "1,2";
				TEST_HOST = "$(BUILT_PRODUCTS_DIR)/ARTry.app/ARTry";
			};
			name = Debug;
		};
		3D5CEB8E1F73F8E100C227CF /* Release */ = {
			isa = XCBuildConfiguration;
			buildSettings = {
				BUNDLE_LOADER = "$(TEST_HOST)";
				CODE_SIGN_STYLE = Automatic;
				DEVELOPMENT_TEAM = M62963EL46;
				INFOPLIST_FILE = ARTryTests/Info.plist;
				LD_RUNPATH_SEARCH_PATHS = "$(inherited) @executable_path/Frameworks @loader_path/Frameworks";
				PRODUCT_BUNDLE_IDENTIFIER = xuanpf.ARTryTests;
				PRODUCT_NAME = "$(TARGET_NAME)";
				TARGETED_DEVICE_FAMILY = "1,2";
				TEST_HOST = "$(BUILT_PRODUCTS_DIR)/ARTry.app/ARTry";
			};
			name = Release;
		};
		3D5CEB901F73F8E100C227CF /* Debug */ = {
			isa = XCBuildConfiguration;
			buildSettings = {
				CODE_SIGN_STYLE = Automatic;
				DEVELOPMENT_TEAM = M62963EL46;
				INFOPLIST_FILE = ARTryUITests/Info.plist;
				LD_RUNPATH_SEARCH_PATHS = "$(inherited) @executable_path/Frameworks @loader_path/Frameworks";
				PRODUCT_BUNDLE_IDENTIFIER = xuanpf.ARTryUITests;
				PRODUCT_NAME = "$(TARGET_NAME)";
				TARGETED_DEVICE_FAMILY = "1,2";
				TEST_TARGET_NAME = ARTry;
			};
			name = Debug;
		};
		3D5CEB911F73F8E100C227CF /* Release */ = {
			isa = XCBuildConfiguration;
			buildSettings = {
				CODE_SIGN_STYLE = Automatic;
				DEVELOPMENT_TEAM = M62963EL46;
				INFOPLIST_FILE = ARTryUITests/Info.plist;
				LD_RUNPATH_SEARCH_PATHS = "$(inherited) @executable_path/Frameworks @loader_path/Frameworks";
				PRODUCT_BUNDLE_IDENTIFIER = xuanpf.ARTryUITests;
				PRODUCT_NAME = "$(TARGET_NAME)";
				TARGETED_DEVICE_FAMILY = "1,2";
				TEST_TARGET_NAME = ARTry;
			};
			name = Release;
		};
/* End XCBuildConfiguration section */

/* Begin XCConfigurationList section */
		3D5CEB561F73F8E100C227CF /* Build configuration list for PBXProject "ARTry" */ = {
			isa = XCConfigurationList;
			buildConfigurations = (
				3D5CEB871F73F8E100C227CF /* Debug */,
				3D5CEB881F73F8E100C227CF /* Release */,
			);
			defaultConfigurationIsVisible = 0;
			defaultConfigurationName = Release;
		};
		3D5CEB891F73F8E100C227CF /* Build configuration list for PBXNativeTarget "ARTry" */ = {
			isa = XCConfigurationList;
			buildConfigurations = (
				3D5CEB8A1F73F8E100C227CF /* Debug */,
				3D5CEB8B1F73F8E100C227CF /* Release */,
			);
			defaultConfigurationIsVisible = 0;
			defaultConfigurationName = Release;
		};
		3D5CEB8C1F73F8E100C227CF /* Build configuration list for PBXNativeTarget "ARTryTests" */ = {
			isa = XCConfigurationList;
			buildConfigurations = (
				3D5CEB8D1F73F8E100C227CF /* Debug */,
				3D5CEB8E1F73F8E100C227CF /* Release */,
			);
			defaultConfigurationIsVisible = 0;
			defaultConfigurationName = Release;
		};
		3D5CEB8F1F73F8E100C227CF /* Build configuration list for PBXNativeTarget "ARTryUITests" */ = {
			isa = XCConfigurationList;
			buildConfigurations = (
				3D5CEB901F73F8E100C227CF /* Debug */,
				3D5CEB911F73F8E100C227CF /* Release */,
			);
			defaultConfigurationIsVisible = 0;
			defaultConfigurationName = Release;
		};
/* End XCConfigurationList section */
	};
	rootObject = 3D5CEB531F73F8E100C227CF /* Project object */;
}
